// !$*UTF8*$!
{
	archiveVersion = 1;
	classes = {
	};
	objectVersion = 51;
	objects = {

/* Begin PBXBuildFile section */
		8507021E22A113AE005BB181 /* JRUIKitViewController.m in Sources */ = {isa = PBXBuildFile; fileRef = 8507021D22A113AE005BB181 /* JRUIKitViewController.m */; };
		8507022122A119DD005BB181 /* JRKVOViewController.m in Sources */ = {isa = PBXBuildFile; fileRef = 8507022022A119DD005BB181 /* JRKVOViewController.m */; };
		8507022722A11FD8005BB181 /* JRNetViewController.m in Sources */ = {isa = PBXBuildFile; fileRef = 8507022622A11FD8005BB181 /* JRNetViewController.m */; };
		8507022A22A11FEE005BB181 /* JRFoundationViewController.m in Sources */ = {isa = PBXBuildFile; fileRef = 8507022922A11FEE005BB181 /* JRFoundationViewController.m */; };
		8507022D22A12124005BB181 /* JREventSignalViewController.m in Sources */ = {isa = PBXBuildFile; fileRef = 8507022C22A12124005BB181 /* JREventSignalViewController.m */; };
		8564F85B22A51B4500E2E3CC /* city.json in Resources */ = {isa = PBXBuildFile; fileRef = 8564F85A22A51B4500E2E3CC /* city.json */; };
		8564F86122A51D5E00E2E3CC /* JRListViewModel.m in Sources */ = {isa = PBXBuildFile; fileRef = 8564F86022A51D5E00E2E3CC /* JRListViewModel.m */; };
		8564F87922A522E900E2E3CC /* QRCRefreshAutoNormalFooter.m in Sources */ = {isa = PBXBuildFile; fileRef = 8564F86B22A522E900E2E3CC /* QRCRefreshAutoNormalFooter.m */; };
		8564F87A22A522E900E2E3CC /* QRCRefreshGifHeader.m in Sources */ = {isa = PBXBuildFile; fileRef = 8564F86C22A522E900E2E3CC /* QRCRefreshGifHeader.m */; };
		8564F87B22A522E900E2E3CC /* QRCRefreshNormalHeader.m in Sources */ = {isa = PBXBuildFile; fileRef = 8564F86D22A522E900E2E3CC /* QRCRefreshNormalHeader.m */; };
		8564F87C22A522E900E2E3CC /* QRCTableViewManager.m in Sources */ = {isa = PBXBuildFile; fileRef = 8564F86F22A522E900E2E3CC /* QRCTableViewManager.m */; };
		8564F87D22A522E900E2E3CC /* QRCBaseTableViewCell.m in Sources */ = {isa = PBXBuildFile; fileRef = 8564F87122A522E900E2E3CC /* QRCBaseTableViewCell.m */; };
		8564F87E22A522E900E2E3CC /* QRCTableBaseCellModel.m in Sources */ = {isa = PBXBuildFile; fileRef = 8564F87222A522E900E2E3CC /* QRCTableBaseCellModel.m */; };
		8564F87F22A522E900E2E3CC /* QRCTableBaseHeaderFooterView.m in Sources */ = {isa = PBXBuildFile; fileRef = 8564F87322A522E900E2E3CC /* QRCTableBaseHeaderFooterView.m */; };
		8564F88022A522E900E2E3CC /* QRCTableBaseSectionModel.m in Sources */ = {isa = PBXBuildFile; fileRef = 8564F87422A522E900E2E3CC /* QRCTableBaseSectionModel.m */; };
		8564F88622A5258E00E2E3CC /* JRListModel.m in Sources */ = {isa = PBXBuildFile; fileRef = 8564F88522A5258E00E2E3CC /* JRListModel.m */; };
		8564F88C22A52BDB00E2E3CC /* JRListViewController.m in Sources */ = {isa = PBXBuildFile; fileRef = 8564F88B22A52BDB00E2E3CC /* JRListViewController.m */; };
		85BC281322A7A40500E461D8 /* UITextField+Extention.m in Sources */ = {isa = PBXBuildFile; fileRef = 85BC281222A7A40500E461D8 /* UITextField+Extention.m */; };
		85BC281622A7B2FF00E461D8 /* JRLoginViewModel.m in Sources */ = {isa = PBXBuildFile; fileRef = 85BC281522A7B2FF00E461D8 /* JRLoginViewModel.m */; };
		85BC281922A7B39000E461D8 /* JRUserModel.m in Sources */ = {isa = PBXBuildFile; fileRef = 85BC281822A7B39000E461D8 /* JRUserModel.m */; };
		85BC281C22A7C07700E461D8 /* JRNetWork.m in Sources */ = {isa = PBXBuildFile; fileRef = 85BC281B22A7C07700E461D8 /* JRNetWork.m */; };
		85BC282722A7CF2500E461D8 /* JRLoginView.m in Sources */ = {isa = PBXBuildFile; fileRef = 85BC282422A7CF2500E461D8 /* JRLoginView.m */; };
		85BC282822A7CF2500E461D8 /* JRListTableViewCell.m in Sources */ = {isa = PBXBuildFile; fileRef = 85BC282522A7CF2500E461D8 /* JRListTableViewCell.m */; };
		85E0D4FB229FC0B900494796 /* AppDelegate.m in Sources */ = {isa = PBXBuildFile; fileRef = 85E0D4FA229FC0B900494796 /* AppDelegate.m */; };
		85E0D4FE229FC0B900494796 /* ViewController.m in Sources */ = {isa = PBXBuildFile; fileRef = 85E0D4FD229FC0B900494796 /* ViewController.m */; };
		85E0D501229FC0B900494796 /* Main.storyboard in Resources */ = {isa = PBXBuildFile; fileRef = 85E0D4FF229FC0B900494796 /* Main.storyboard */; };
		85E0D503229FC0BA00494796 /* Assets.xcassets in Resources */ = {isa = PBXBuildFile; fileRef = 85E0D502229FC0BA00494796 /* Assets.xcassets */; };
		85E0D506229FC0BA00494796 /* LaunchScreen.storyboard in Resources */ = {isa = PBXBuildFile; fileRef = 85E0D504229FC0BA00494796 /* LaunchScreen.storyboard */; };
		85E0D509229FC0BA00494796 /* main.m in Sources */ = {isa = PBXBuildFile; fileRef = 85E0D508229FC0BA00494796 /* main.m */; };
		85E0D513229FC0BA00494796 /* MVVM_RACDemoTests.m in Sources */ = {isa = PBXBuildFile; fileRef = 85E0D512229FC0BA00494796 /* MVVM_RACDemoTests.m */; };
		85E0D51E229FC0BA00494796 /* MVVM_RACDemoUITests.m in Sources */ = {isa = PBXBuildFile; fileRef = 85E0D51D229FC0BA00494796 /* MVVM_RACDemoUITests.m */; };
		85E0D535229FC5AE00494796 /* UIView+Layout.m in Sources */ = {isa = PBXBuildFile; fileRef = 85E0D534229FC5AE00494796 /* UIView+Layout.m */; };
		85E0D53C229FC71000494796 /* JRBaseViewController.m in Sources */ = {isa = PBXBuildFile; fileRef = 85E0D53B229FC71000494796 /* JRBaseViewController.m */; };
		85E0D53F229FC7C600494796 /* JRUIButton.m in Sources */ = {isa = PBXBuildFile; fileRef = 85E0D53D229FC7C600494796 /* JRUIButton.m */; };
		85E0D544229FCAA600494796 /* JRUseRACViewController.m in Sources */ = {isa = PBXBuildFile; fileRef = 85E0D543229FCAA600494796 /* JRUseRACViewController.m */; };
		85E0D556229FDE8600494796 /* JRAppRACViewController.m in Sources */ = {isa = PBXBuildFile; fileRef = 85E0D555229FDE8600494796 /* JRAppRACViewController.m */; };
		A43F1BDD1C4B06479C90E225 /* libPods-MVVM_RACDemo.a in Frameworks */ = {isa = PBXBuildFile; fileRef = AEE8F9763DA6F41F1BC6AC00 /* libPods-MVVM_RACDemo.a */; };
		F95AB54F22A028DA0051C572 /* JRUtility.m in Sources */ = {isa = PBXBuildFile; fileRef = F95AB54E22A028DA0051C572 /* JRUtility.m */; };
/* End PBXBuildFile section */

/* Begin PBXContainerItemProxy section */
		85E0D50F229FC0BA00494796 /* PBXContainerItemProxy */ = {
			isa = PBXContainerItemProxy;
			containerPortal = 85E0D4EE229FC0B800494796 /* Project object */;
			proxyType = 1;
			remoteGlobalIDString = 85E0D4F5229FC0B900494796;
			remoteInfo = MVVM_RACDemo;
		};
		85E0D51A229FC0BA00494796 /* PBXContainerItemProxy */ = {
			isa = PBXContainerItemProxy;
			containerPortal = 85E0D4EE229FC0B800494796 /* Project object */;
			proxyType = 1;
			remoteGlobalIDString = 85E0D4F5229FC0B900494796;
			remoteInfo = MVVM_RACDemo;
		};
/* End PBXContainerItemProxy section */

/* Begin PBXFileReference section */
		69FC18928FA046653100F657 /* Pods-MVVM_RACDemo.release.xcconfig */ = {isa = PBXFileReference; includeInIndex = 1; lastKnownFileType = text.xcconfig; name = "Pods-MVVM_RACDemo.release.xcconfig"; path = "Target Support Files/Pods-MVVM_RACDemo/Pods-MVVM_RACDemo.release.xcconfig"; sourceTree = "<group>"; };
		8507021C22A113AE005BB181 /* JRUIKitViewController.h */ = {isa = PBXFileReference; lastKnownFileType = sourcecode.c.h; path = JRUIKitViewController.h; sourceTree = "<group>"; };
		8507021D22A113AE005BB181 /* JRUIKitViewController.m */ = {isa = PBXFileReference; lastKnownFileType = sourcecode.c.objc; path = JRUIKitViewController.m; sourceTree = "<group>"; };
		8507021F22A119DD005BB181 /* JRKVOViewController.h */ = {isa = PBXFileReference; lastKnownFileType = sourcecode.c.h; path = JRKVOViewController.h; sourceTree = "<group>"; };
		8507022022A119DD005BB181 /* JRKVOViewController.m */ = {isa = PBXFileReference; lastKnownFileType = sourcecode.c.objc; path = JRKVOViewController.m; sourceTree = "<group>"; };
		8507022522A11FD8005BB181 /* JRNetViewController.h */ = {isa = PBXFileReference; lastKnownFileType = sourcecode.c.h; path = JRNetViewController.h; sourceTree = "<group>"; };
		8507022622A11FD8005BB181 /* JRNetViewController.m */ = {isa = PBXFileReference; lastKnownFileType = sourcecode.c.objc; path = JRNetViewController.m; sourceTree = "<group>"; };
		8507022822A11FEE005BB181 /* JRFoundationViewController.h */ = {isa = PBXFileReference; lastKnownFileType = sourcecode.c.h; path = JRFoundationViewController.h; sourceTree = "<group>"; };
		8507022922A11FEE005BB181 /* JRFoundationViewController.m */ = {isa = PBXFileReference; lastKnownFileType = sourcecode.c.objc; path = JRFoundationViewController.m; sourceTree = "<group>"; };
		8507022B22A12124005BB181 /* JREventSignalViewController.h */ = {isa = PBXFileReference; lastKnownFileType = sourcecode.c.h; path = JREventSignalViewController.h; sourceTree = "<group>"; };
		8507022C22A12124005BB181 /* JREventSignalViewController.m */ = {isa = PBXFileReference; lastKnownFileType = sourcecode.c.objc; path = JREventSignalViewController.m; sourceTree = "<group>"; };
		8564F85A22A51B4500E2E3CC /* city.json */ = {isa = PBXFileReference; fileEncoding = 4; lastKnownFileType = text.json; path = city.json; sourceTree = "<group>"; };
		8564F85F22A51D5E00E2E3CC /* JRListViewModel.h */ = {isa = PBXFileReference; lastKnownFileType = sourcecode.c.h; path = JRListViewModel.h; sourceTree = "<group>"; };
		8564F86022A51D5E00E2E3CC /* JRListViewModel.m */ = {isa = PBXFileReference; lastKnownFileType = sourcecode.c.objc; path = JRListViewModel.m; sourceTree = "<group>"; };
		8564F86822A522E900E2E3CC /* QRCRefreshAutoNormalFooter.h */ = {isa = PBXFileReference; fileEncoding = 4; lastKnownFileType = sourcecode.c.h; path = QRCRefreshAutoNormalFooter.h; sourceTree = "<group>"; };
		8564F86922A522E900E2E3CC /* QRCRefreshGifHeader.h */ = {isa = PBXFileReference; fileEncoding = 4; lastKnownFileType = sourcecode.c.h; path = QRCRefreshGifHeader.h; sourceTree = "<group>"; };
		8564F86A22A522E900E2E3CC /* QRCRefreshNormalHeader.h */ = {isa = PBXFileReference; fileEncoding = 4; lastKnownFileType = sourcecode.c.h; path = QRCRefreshNormalHeader.h; sourceTree = "<group>"; };
		8564F86B22A522E900E2E3CC /* QRCRefreshAutoNormalFooter.m */ = {isa = PBXFileReference; fileEncoding = 4; lastKnownFileType = sourcecode.c.objc; path = QRCRefreshAutoNormalFooter.m; sourceTree = "<group>"; };
		8564F86C22A522E900E2E3CC /* QRCRefreshGifHeader.m */ = {isa = PBXFileReference; fileEncoding = 4; lastKnownFileType = sourcecode.c.objc; path = QRCRefreshGifHeader.m; sourceTree = "<group>"; };
		8564F86D22A522E900E2E3CC /* QRCRefreshNormalHeader.m */ = {isa = PBXFileReference; fileEncoding = 4; lastKnownFileType = sourcecode.c.objc; path = QRCRefreshNormalHeader.m; sourceTree = "<group>"; };
		8564F86E22A522E900E2E3CC /* QRCTableViewManager.h */ = {isa = PBXFileReference; fileEncoding = 4; lastKnownFileType = sourcecode.c.h; path = QRCTableViewManager.h; sourceTree = "<group>"; };
		8564F86F22A522E900E2E3CC /* QRCTableViewManager.m */ = {isa = PBXFileReference; fileEncoding = 4; lastKnownFileType = sourcecode.c.objc; path = QRCTableViewManager.m; sourceTree = "<group>"; };
		8564F87122A522E900E2E3CC /* QRCBaseTableViewCell.m */ = {isa = PBXFileReference; fileEncoding = 4; lastKnownFileType = sourcecode.c.objc; path = QRCBaseTableViewCell.m; sourceTree = "<group>"; };
		8564F87222A522E900E2E3CC /* QRCTableBaseCellModel.m */ = {isa = PBXFileReference; fileEncoding = 4; lastKnownFileType = sourcecode.c.objc; path = QRCTableBaseCellModel.m; sourceTree = "<group>"; };
		8564F87322A522E900E2E3CC /* QRCTableBaseHeaderFooterView.m */ = {isa = PBXFileReference; fileEncoding = 4; lastKnownFileType = sourcecode.c.objc; path = QRCTableBaseHeaderFooterView.m; sourceTree = "<group>"; };
		8564F87422A522E900E2E3CC /* QRCTableBaseSectionModel.m */ = {isa = PBXFileReference; fileEncoding = 4; lastKnownFileType = sourcecode.c.objc; path = QRCTableBaseSectionModel.m; sourceTree = "<group>"; };
		8564F87522A522E900E2E3CC /* QRCBaseTableViewCell.h */ = {isa = PBXFileReference; fileEncoding = 4; lastKnownFileType = sourcecode.c.h; path = QRCBaseTableViewCell.h; sourceTree = "<group>"; };
		8564F87622A522E900E2E3CC /* QRCTableBaseCellModel.h */ = {isa = PBXFileReference; fileEncoding = 4; lastKnownFileType = sourcecode.c.h; path = QRCTableBaseCellModel.h; sourceTree = "<group>"; };
		8564F87722A522E900E2E3CC /* QRCTableBaseSectionModel.h */ = {isa = PBXFileReference; fileEncoding = 4; lastKnownFileType = sourcecode.c.h; path = QRCTableBaseSectionModel.h; sourceTree = "<group>"; };
		8564F87822A522E900E2E3CC /* QRCTableBaseHeaderFooterView.h */ = {isa = PBXFileReference; fileEncoding = 4; lastKnownFileType = sourcecode.c.h; path = QRCTableBaseHeaderFooterView.h; sourceTree = "<group>"; };
		8564F88422A5258E00E2E3CC /* JRListModel.h */ = {isa = PBXFileReference; lastKnownFileType = sourcecode.c.h; path = JRListModel.h; sourceTree = "<group>"; };
		8564F88522A5258E00E2E3CC /* JRListModel.m */ = {isa = PBXFileReference; lastKnownFileType = sourcecode.c.objc; path = JRListModel.m; sourceTree = "<group>"; };
		8564F88A22A52BDB00E2E3CC /* JRListViewController.h */ = {isa = PBXFileReference; lastKnownFileType = sourcecode.c.h; path = JRListViewController.h; sourceTree = "<group>"; };
		8564F88B22A52BDB00E2E3CC /* JRListViewController.m */ = {isa = PBXFileReference; lastKnownFileType = sourcecode.c.objc; path = JRListViewController.m; sourceTree = "<group>"; };
		85BC281122A7A40500E461D8 /* UITextField+Extention.h */ = {isa = PBXFileReference; lastKnownFileType = sourcecode.c.h; path = "UITextField+Extention.h"; sourceTree = "<group>"; };
		85BC281222A7A40500E461D8 /* UITextField+Extention.m */ = {isa = PBXFileReference; lastKnownFileType = sourcecode.c.objc; path = "UITextField+Extention.m"; sourceTree = "<group>"; };
		85BC281422A7B2FF00E461D8 /* JRLoginViewModel.h */ = {isa = PBXFileReference; lastKnownFileType = sourcecode.c.h; path = JRLoginViewModel.h; sourceTree = "<group>"; };
		85BC281522A7B2FF00E461D8 /* JRLoginViewModel.m */ = {isa = PBXFileReference; lastKnownFileType = sourcecode.c.objc; path = JRLoginViewModel.m; sourceTree = "<group>"; };
		85BC281722A7B39000E461D8 /* JRUserModel.h */ = {isa = PBXFileReference; lastKnownFileType = sourcecode.c.h; path = JRUserModel.h; sourceTree = "<group>"; };
		85BC281822A7B39000E461D8 /* JRUserModel.m */ = {isa = PBXFileReference; lastKnownFileType = sourcecode.c.objc; path = JRUserModel.m; sourceTree = "<group>"; };
		85BC281A22A7C07700E461D8 /* JRNetWork.h */ = {isa = PBXFileReference; lastKnownFileType = sourcecode.c.h; path = JRNetWork.h; sourceTree = "<group>"; };
		85BC281B22A7C07700E461D8 /* JRNetWork.m */ = {isa = PBXFileReference; lastKnownFileType = sourcecode.c.objc; path = JRNetWork.m; sourceTree = "<group>"; };
		85BC282322A7CF2500E461D8 /* JRListTableViewCell.h */ = {isa = PBXFileReference; fileEncoding = 4; lastKnownFileType = sourcecode.c.h; path = JRListTableViewCell.h; sourceTree = "<group>"; };
		85BC282422A7CF2500E461D8 /* JRLoginView.m */ = {isa = PBXFileReference; fileEncoding = 4; lastKnownFileType = sourcecode.c.objc; path = JRLoginView.m; sourceTree = "<group>"; };
		85BC282522A7CF2500E461D8 /* JRListTableViewCell.m */ = {isa = PBXFileReference; fileEncoding = 4; lastKnownFileType = sourcecode.c.objc; path = JRListTableViewCell.m; sourceTree = "<group>"; };
		85BC282622A7CF2500E461D8 /* JRLoginView.h */ = {isa = PBXFileReference; fileEncoding = 4; lastKnownFileType = sourcecode.c.h; path = JRLoginView.h; sourceTree = "<group>"; };
		85E0D4F6229FC0B900494796 /* MVVM_RACDemo.app */ = {isa = PBXFileReference; explicitFileType = wrapper.application; includeInIndex = 0; path = MVVM_RACDemo.app; sourceTree = BUILT_PRODUCTS_DIR; };
		85E0D4F9229FC0B900494796 /* AppDelegate.h */ = {isa = PBXFileReference; lastKnownFileType = sourcecode.c.h; path = AppDelegate.h; sourceTree = "<group>"; };
		85E0D4FA229FC0B900494796 /* AppDelegate.m */ = {isa = PBXFileReference; lastKnownFileType = sourcecode.c.objc; path = AppDelegate.m; sourceTree = "<group>"; };
		85E0D4FC229FC0B900494796 /* ViewController.h */ = {isa = PBXFileReference; lastKnownFileType = sourcecode.c.h; path = ViewController.h; sourceTree = "<group>"; };
		85E0D4FD229FC0B900494796 /* ViewController.m */ = {isa = PBXFileReference; lastKnownFileType = sourcecode.c.objc; path = ViewController.m; sourceTree = "<group>"; };
		85E0D500229FC0B900494796 /* Base */ = {isa = PBXFileReference; lastKnownFileType = file.storyboard; name = Base; path = Base.lproj/Main.storyboard; sourceTree = "<group>"; };
		85E0D502229FC0BA00494796 /* Assets.xcassets */ = {isa = PBXFileReference; lastKnownFileType = folder.assetcatalog; path = Assets.xcassets; sourceTree = "<group>"; };
		85E0D505229FC0BA00494796 /* Base */ = {isa = PBXFileReference; lastKnownFileType = file.storyboard; name = Base; path = Base.lproj/LaunchScreen.storyboard; sourceTree = "<group>"; };
		85E0D507229FC0BA00494796 /* Info.plist */ = {isa = PBXFileReference; lastKnownFileType = text.plist.xml; path = Info.plist; sourceTree = "<group>"; };
		85E0D508229FC0BA00494796 /* main.m */ = {isa = PBXFileReference; lastKnownFileType = sourcecode.c.objc; path = main.m; sourceTree = "<group>"; };
		85E0D50E229FC0BA00494796 /* MVVM_RACDemoTests.xctest */ = {isa = PBXFileReference; explicitFileType = wrapper.cfbundle; includeInIndex = 0; path = MVVM_RACDemoTests.xctest; sourceTree = BUILT_PRODUCTS_DIR; };
		85E0D512229FC0BA00494796 /* MVVM_RACDemoTests.m */ = {isa = PBXFileReference; lastKnownFileType = sourcecode.c.objc; path = MVVM_RACDemoTests.m; sourceTree = "<group>"; };
		85E0D514229FC0BA00494796 /* Info.plist */ = {isa = PBXFileReference; lastKnownFileType = text.plist.xml; path = Info.plist; sourceTree = "<group>"; };
		85E0D519229FC0BA00494796 /* MVVM_RACDemoUITests.xctest */ = {isa = PBXFileReference; explicitFileType = wrapper.cfbundle; includeInIndex = 0; path = MVVM_RACDemoUITests.xctest; sourceTree = BUILT_PRODUCTS_DIR; };
		85E0D51D229FC0BA00494796 /* MVVM_RACDemoUITests.m */ = {isa = PBXFileReference; lastKnownFileType = sourcecode.c.objc; path = MVVM_RACDemoUITests.m; sourceTree = "<group>"; };
		85E0D51F229FC0BA00494796 /* Info.plist */ = {isa = PBXFileReference; lastKnownFileType = text.plist.xml; path = Info.plist; sourceTree = "<group>"; };
		85E0D52B229FC32B00494796 /* PrefixHeader.pch */ = {isa = PBXFileReference; lastKnownFileType = sourcecode.c.h; path = PrefixHeader.pch; sourceTree = "<group>"; };
		85E0D533229FC5AE00494796 /* UIView+Layout.h */ = {isa = PBXFileReference; fileEncoding = 4; lastKnownFileType = sourcecode.c.h; path = "UIView+Layout.h"; sourceTree = "<group>"; };
		85E0D534229FC5AE00494796 /* UIView+Layout.m */ = {isa = PBXFileReference; fileEncoding = 4; lastKnownFileType = sourcecode.c.objc; path = "UIView+Layout.m"; sourceTree = "<group>"; };
		85E0D536229FC67600494796 /* JRConst.h */ = {isa = PBXFileReference; lastKnownFileType = sourcecode.c.h; path = JRConst.h; sourceTree = "<group>"; };
		85E0D53A229FC71000494796 /* JRBaseViewController.h */ = {isa = PBXFileReference; lastKnownFileType = sourcecode.c.h; path = JRBaseViewController.h; sourceTree = "<group>"; };
		85E0D53B229FC71000494796 /* JRBaseViewController.m */ = {isa = PBXFileReference; lastKnownFileType = sourcecode.c.objc; path = JRBaseViewController.m; sourceTree = "<group>"; };
		85E0D53D229FC7C600494796 /* JRUIButton.m */ = {isa = PBXFileReference; fileEncoding = 4; lastKnownFileType = sourcecode.c.objc; path = JRUIButton.m; sourceTree = "<group>"; };
		85E0D53E229FC7C600494796 /* JRUIButton.h */ = {isa = PBXFileReference; fileEncoding = 4; lastKnownFileType = sourcecode.c.h; path = JRUIButton.h; sourceTree = "<group>"; };
		85E0D542229FCAA600494796 /* JRUseRACViewController.h */ = {isa = PBXFileReference; lastKnownFileType = sourcecode.c.h; path = JRUseRACViewController.h; sourceTree = "<group>"; };
		85E0D543229FCAA600494796 /* JRUseRACViewController.m */ = {isa = PBXFileReference; lastKnownFileType = sourcecode.c.objc; path = JRUseRACViewController.m; sourceTree = "<group>"; };
		85E0D554229FDE8600494796 /* JRAppRACViewController.h */ = {isa = PBXFileReference; lastKnownFileType = sourcecode.c.h; path = JRAppRACViewController.h; sourceTree = "<group>"; };
		85E0D555229FDE8600494796 /* JRAppRACViewController.m */ = {isa = PBXFileReference; lastKnownFileType = sourcecode.c.objc; path = JRAppRACViewController.m; sourceTree = "<group>"; };
		AEE8F9763DA6F41F1BC6AC00 /* libPods-MVVM_RACDemo.a */ = {isa = PBXFileReference; explicitFileType = archive.ar; includeInIndex = 0; path = "libPods-MVVM_RACDemo.a"; sourceTree = BUILT_PRODUCTS_DIR; };
		F95AB54D22A028DA0051C572 /* JRUtility.h */ = {isa = PBXFileReference; lastKnownFileType = sourcecode.c.h; path = JRUtility.h; sourceTree = "<group>"; };
		F95AB54E22A028DA0051C572 /* JRUtility.m */ = {isa = PBXFileReference; lastKnownFileType = sourcecode.c.objc; path = JRUtility.m; sourceTree = "<group>"; };
		FFC6A12C9C764A5772A8CD25 /* Pods-MVVM_RACDemo.debug.xcconfig */ = {isa = PBXFileReference; includeInIndex = 1; lastKnownFileType = text.xcconfig; name = "Pods-MVVM_RACDemo.debug.xcconfig"; path = "Target Support Files/Pods-MVVM_RACDemo/Pods-MVVM_RACDemo.debug.xcconfig"; sourceTree = "<group>"; };
/* End PBXFileReference section */

/* Begin PBXFrameworksBuildPhase section */
		85E0D4F3229FC0B900494796 /* Frameworks */ = {
			isa = PBXFrameworksBuildPhase;
			buildActionMask = 2147483647;
			files = (
				A43F1BDD1C4B06479C90E225 /* libPods-MVVM_RACDemo.a in Frameworks */,
			);
			runOnlyForDeploymentPostprocessing = 0;
		};
		85E0D50B229FC0BA00494796 /* Frameworks */ = {
			isa = PBXFrameworksBuildPhase;
			buildActionMask = 2147483647;
			files = (
			);
			runOnlyForDeploymentPostprocessing = 0;
		};
		85E0D516229FC0BA00494796 /* Frameworks */ = {
			isa = PBXFrameworksBuildPhase;
			buildActionMask = 2147483647;
			files = (
			);
			runOnlyForDeploymentPostprocessing = 0;
		};
/* End PBXFrameworksBuildPhase section */

/* Begin PBXGroup section */
		2BDEF56B1A1437FC11960668 /* Frameworks */ = {
			isa = PBXGroup;
			children = (
				AEE8F9763DA6F41F1BC6AC00 /* libPods-MVVM_RACDemo.a */,
			);
			name = Frameworks;
			sourceTree = "<group>";
		};
		3888745863A3CE608D317032 /* Pods */ = {
			isa = PBXGroup;
			children = (
				FFC6A12C9C764A5772A8CD25 /* Pods-MVVM_RACDemo.debug.xcconfig */,
				69FC18928FA046653100F657 /* Pods-MVVM_RACDemo.release.xcconfig */,
			);
			path = Pods;
			sourceTree = "<group>";
		};
		8564F85922A51B2E00E2E3CC /* Resource */ = {
			isa = PBXGroup;
			children = (
				8564F85A22A51B4500E2E3CC /* city.json */,
			);
			path = Resource;
			sourceTree = "<group>";
		};
		8564F85C22A51B7A00E2E3CC /* Controller */ = {
			isa = PBXGroup;
			children = (
				85E0D554229FDE8600494796 /* JRAppRACViewController.h */,
				85E0D555229FDE8600494796 /* JRAppRACViewController.m */,
				8564F88A22A52BDB00E2E3CC /* JRListViewController.h */,
				8564F88B22A52BDB00E2E3CC /* JRListViewController.m */,
			);
			path = Controller;
			sourceTree = "<group>";
		};
		8564F85D22A51B9A00E2E3CC /* Model */ = {
			isa = PBXGroup;
			children = (
				8564F88422A5258E00E2E3CC /* JRListModel.h */,
				8564F88522A5258E00E2E3CC /* JRListModel.m */,
				85BC281722A7B39000E461D8 /* JRUserModel.h */,
				85BC281822A7B39000E461D8 /* JRUserModel.m */,
			);
			path = Model;
			sourceTree = "<group>";
		};
		8564F85E22A51BA000E2E3CC /* ViewModel */ = {
			isa = PBXGroup;
			children = (
				8564F85F22A51D5E00E2E3CC /* JRListViewModel.h */,
				8564F86022A51D5E00E2E3CC /* JRListViewModel.m */,
				85BC281422A7B2FF00E461D8 /* JRLoginViewModel.h */,
				85BC281522A7B2FF00E461D8 /* JRLoginViewModel.m */,
			);
			path = ViewModel;
			sourceTree = "<group>";
		};
		8564F86622A5229B00E2E3CC /* TableView */ = {
			isa = PBXGroup;
			children = (
				8564F87022A522E900E2E3CC /* Base */,
				8564F86E22A522E900E2E3CC /* QRCTableViewManager.h */,
				8564F86F22A522E900E2E3CC /* QRCTableViewManager.m */,
				8564F86722A522E900E2E3CC /* Refresh */,
			);
			path = TableView;
			sourceTree = "<group>";
		};
		8564F86722A522E900E2E3CC /* Refresh */ = {
			isa = PBXGroup;
			children = (
				8564F86822A522E900E2E3CC /* QRCRefreshAutoNormalFooter.h */,
				8564F86B22A522E900E2E3CC /* QRCRefreshAutoNormalFooter.m */,
				8564F86922A522E900E2E3CC /* QRCRefreshGifHeader.h */,
				8564F86C22A522E900E2E3CC /* QRCRefreshGifHeader.m */,
				8564F86A22A522E900E2E3CC /* QRCRefreshNormalHeader.h */,
				8564F86D22A522E900E2E3CC /* QRCRefreshNormalHeader.m */,
			);
			path = Refresh;
			sourceTree = "<group>";
		};
		8564F87022A522E900E2E3CC /* Base */ = {
			isa = PBXGroup;
			children = (
				8564F87522A522E900E2E3CC /* QRCBaseTableViewCell.h */,
				8564F87122A522E900E2E3CC /* QRCBaseTableViewCell.m */,
				8564F87622A522E900E2E3CC /* QRCTableBaseCellModel.h */,
				8564F87222A522E900E2E3CC /* QRCTableBaseCellModel.m */,
				8564F87822A522E900E2E3CC /* QRCTableBaseHeaderFooterView.h */,
				8564F87322A522E900E2E3CC /* QRCTableBaseHeaderFooterView.m */,
				8564F87722A522E900E2E3CC /* QRCTableBaseSectionModel.h */,
				8564F87422A522E900E2E3CC /* QRCTableBaseSectionModel.m */,
			);
			path = Base;
			sourceTree = "<group>";
		};
		85BC282222A7CF2500E461D8 /* View */ = {
			isa = PBXGroup;
			children = (
				85BC282322A7CF2500E461D8 /* JRListTableViewCell.h */,
				85BC282422A7CF2500E461D8 /* JRLoginView.m */,
				85BC282522A7CF2500E461D8 /* JRListTableViewCell.m */,
				85BC282622A7CF2500E461D8 /* JRLoginView.h */,
			);
			path = View;
			sourceTree = "<group>";
		};
		85E0D4ED229FC0B800494796 = {
			isa = PBXGroup;
			children = (
				85E0D4F8229FC0B900494796 /* MVVM_RACDemo */,
				85E0D511229FC0BA00494796 /* MVVM_RACDemoTests */,
				85E0D51C229FC0BA00494796 /* MVVM_RACDemoUITests */,
				85E0D4F7229FC0B900494796 /* Products */,
				3888745863A3CE608D317032 /* Pods */,
				2BDEF56B1A1437FC11960668 /* Frameworks */,
			);
			sourceTree = "<group>";
		};
		85E0D4F7229FC0B900494796 /* Products */ = {
			isa = PBXGroup;
			children = (
				85E0D4F6229FC0B900494796 /* MVVM_RACDemo.app */,
				85E0D50E229FC0BA00494796 /* MVVM_RACDemoTests.xctest */,
				85E0D519229FC0BA00494796 /* MVVM_RACDemoUITests.xctest */,
			);
			name = Products;
			sourceTree = "<group>";
		};
		85E0D4F8229FC0B900494796 /* MVVM_RACDemo */ = {
			isa = PBXGroup;
			children = (
				8564F85922A51B2E00E2E3CC /* Resource */,
				F95AB54B22A028B60051C572 /* Service */,
				85E0D538229FC6F100494796 /* Base */,
				85E0D537229FC6E300494796 /* Bussiness */,
				85E0D52F229FC54800494796 /* Extends */,
				85E0D4F9229FC0B900494796 /* AppDelegate.h */,
				85E0D4FA229FC0B900494796 /* AppDelegate.m */,
				85E0D4FC229FC0B900494796 /* ViewController.h */,
				85E0D4FD229FC0B900494796 /* ViewController.m */,
				85E0D4FF229FC0B900494796 /* Main.storyboard */,
				85E0D502229FC0BA00494796 /* Assets.xcassets */,
				85E0D504229FC0BA00494796 /* LaunchScreen.storyboard */,
				85E0D507229FC0BA00494796 /* Info.plist */,
				85E0D508229FC0BA00494796 /* main.m */,
				85E0D52B229FC32B00494796 /* PrefixHeader.pch */,
				85E0D536229FC67600494796 /* JRConst.h */,
			);
			path = MVVM_RACDemo;
			sourceTree = "<group>";
		};
		85E0D511229FC0BA00494796 /* MVVM_RACDemoTests */ = {
			isa = PBXGroup;
			children = (
				85E0D512229FC0BA00494796 /* MVVM_RACDemoTests.m */,
				85E0D514229FC0BA00494796 /* Info.plist */,
			);
			path = MVVM_RACDemoTests;
			sourceTree = "<group>";
		};
		85E0D51C229FC0BA00494796 /* MVVM_RACDemoUITests */ = {
			isa = PBXGroup;
			children = (
				85E0D51D229FC0BA00494796 /* MVVM_RACDemoUITests.m */,
				85E0D51F229FC0BA00494796 /* Info.plist */,
			);
			path = MVVM_RACDemoUITests;
			sourceTree = "<group>";
		};
		85E0D52F229FC54800494796 /* Extends */ = {
			isa = PBXGroup;
			children = (
				85E0D53E229FC7C600494796 /* JRUIButton.h */,
				85E0D53D229FC7C600494796 /* JRUIButton.m */,
				85E0D533229FC5AE00494796 /* UIView+Layout.h */,
				85E0D534229FC5AE00494796 /* UIView+Layout.m */,
				85BC281122A7A40500E461D8 /* UITextField+Extention.h */,
				85BC281222A7A40500E461D8 /* UITextField+Extention.m */,
			);
			path = Extends;
			sourceTree = "<group>";
		};
		85E0D537229FC6E300494796 /* Bussiness */ = {
			isa = PBXGroup;
			children = (
				85E0D550229FDE4F00494796 /* AppRAC */,
				85E0D541229FCA6000494796 /* UseRAC */,
			);
			path = Bussiness;
			sourceTree = "<group>";
		};
		85E0D538229FC6F100494796 /* Base */ = {
			isa = PBXGroup;
			children = (
				8564F86622A5229B00E2E3CC /* TableView */,
				85E0D539229FC6FD00494796 /* Controller */,
			);
			path = Base;
			sourceTree = "<group>";
		};
		85E0D539229FC6FD00494796 /* Controller */ = {
			isa = PBXGroup;
			children = (
				85E0D53A229FC71000494796 /* JRBaseViewController.h */,
				85E0D53B229FC71000494796 /* JRBaseViewController.m */,
			);
			path = Controller;
			sourceTree = "<group>";
		};
		85E0D541229FCA6000494796 /* UseRAC */ = {
			isa = PBXGroup;
			children = (
				85E0D542229FCAA600494796 /* JRUseRACViewController.h */,
				85E0D543229FCAA600494796 /* JRUseRACViewController.m */,
				8507021C22A113AE005BB181 /* JRUIKitViewController.h */,
				8507021D22A113AE005BB181 /* JRUIKitViewController.m */,
				8507022822A11FEE005BB181 /* JRFoundationViewController.h */,
				8507022922A11FEE005BB181 /* JRFoundationViewController.m */,
				8507021F22A119DD005BB181 /* JRKVOViewController.h */,
				8507022022A119DD005BB181 /* JRKVOViewController.m */,
				8507022B22A12124005BB181 /* JREventSignalViewController.h */,
				8507022C22A12124005BB181 /* JREventSignalViewController.m */,
				8507022522A11FD8005BB181 /* JRNetViewController.h */,
				8507022622A11FD8005BB181 /* JRNetViewController.m */,
			);
			path = UseRAC;
			sourceTree = "<group>";
		};
		85E0D550229FDE4F00494796 /* AppRAC */ = {
			isa = PBXGroup;
			children = (
				85BC282222A7CF2500E461D8 /* View */,
				8564F85E22A51BA000E2E3CC /* ViewModel */,
				8564F85D22A51B9A00E2E3CC /* Model */,
				8564F85C22A51B7A00E2E3CC /* Controller */,
			);
			path = AppRAC;
			sourceTree = "<group>";
		};
		F95AB54B22A028B60051C572 /* Service */ = {
			isa = PBXGroup;
			children = (
				F95AB54C22A028C80051C572 /* Tools */,
			);
			path = Service;
			sourceTree = "<group>";
		};
		F95AB54C22A028C80051C572 /* Tools */ = {
			isa = PBXGroup;
			children = (
				F95AB54D22A028DA0051C572 /* JRUtility.h */,
				F95AB54E22A028DA0051C572 /* JRUtility.m */,
				85BC281A22A7C07700E461D8 /* JRNetWork.h */,
				85BC281B22A7C07700E461D8 /* JRNetWork.m */,
			);
			path = Tools;
			sourceTree = "<group>";
		};
/* End PBXGroup section */

/* Begin PBXNativeTarget section */
		85E0D4F5229FC0B900494796 /* MVVM_RACDemo */ = {
			isa = PBXNativeTarget;
			buildConfigurationList = 85E0D522229FC0BA00494796 /* Build configuration list for PBXNativeTarget "MVVM_RACDemo" */;
			buildPhases = (
				AECE6CE21E6753C91F2D0557 /* [CP] Check Pods Manifest.lock */,
				85E0D4F2229FC0B900494796 /* Sources */,
				85E0D4F3229FC0B900494796 /* Frameworks */,
				85E0D4F4229FC0B900494796 /* Resources */,
				D8CA2E4F30C8D527198B0054 /* [CP] Copy Pods Resources */,
			);
			buildRules = (
			);
			dependencies = (
			);
			name = MVVM_RACDemo;
			productName = MVVM_RACDemo;
			productReference = 85E0D4F6229FC0B900494796 /* MVVM_RACDemo.app */;
			productType = "com.apple.product-type.application";
		};
		85E0D50D229FC0BA00494796 /* MVVM_RACDemoTests */ = {
			isa = PBXNativeTarget;
			buildConfigurationList = 85E0D525229FC0BA00494796 /* Build configuration list for PBXNativeTarget "MVVM_RACDemoTests" */;
			buildPhases = (
				85E0D50A229FC0BA00494796 /* Sources */,
				85E0D50B229FC0BA00494796 /* Frameworks */,
				85E0D50C229FC0BA00494796 /* Resources */,
			);
			buildRules = (
			);
			dependencies = (
				85E0D510229FC0BA00494796 /* PBXTargetDependency */,
			);
			name = MVVM_RACDemoTests;
			productName = MVVM_RACDemoTests;
			productReference = 85E0D50E229FC0BA00494796 /* MVVM_RACDemoTests.xctest */;
			productType = "com.apple.product-type.bundle.unit-test";
		};
		85E0D518229FC0BA00494796 /* MVVM_RACDemoUITests */ = {
			isa = PBXNativeTarget;
			buildConfigurationList = 85E0D528229FC0BA00494796 /* Build configuration list for PBXNativeTarget "MVVM_RACDemoUITests" */;
			buildPhases = (
				85E0D515229FC0BA00494796 /* Sources */,
				85E0D516229FC0BA00494796 /* Frameworks */,
				85E0D517229FC0BA00494796 /* Resources */,
			);
			buildRules = (
			);
			dependencies = (
				85E0D51B229FC0BA00494796 /* PBXTargetDependency */,
			);
			name = MVVM_RACDemoUITests;
			productName = MVVM_RACDemoUITests;
			productReference = 85E0D519229FC0BA00494796 /* MVVM_RACDemoUITests.xctest */;
			productType = "com.apple.product-type.bundle.ui-testing";
		};
/* End PBXNativeTarget section */

/* Begin PBXProject section */
		85E0D4EE229FC0B800494796 /* Project object */ = {
			isa = PBXProject;
			attributes = {
				LastUpgradeCheck = 1020;
				ORGANIZATIONNAME = yangln;
				TargetAttributes = {
					85E0D4F5229FC0B900494796 = {
						CreatedOnToolsVersion = 10.2.1;
					};
					85E0D50D229FC0BA00494796 = {
						CreatedOnToolsVersion = 10.2.1;
						TestTargetID = 85E0D4F5229FC0B900494796;
					};
					85E0D518229FC0BA00494796 = {
						CreatedOnToolsVersion = 10.2.1;
						TestTargetID = 85E0D4F5229FC0B900494796;
					};
				};
			};
			buildConfigurationList = 85E0D4F1229FC0B800494796 /* Build configuration list for PBXProject "MVVM_RACDemo" */;
			compatibilityVersion = "Xcode 9.3";
			developmentRegion = en;
			hasScannedForEncodings = 0;
			knownRegions = (
				en,
				Base,
			);
			mainGroup = 85E0D4ED229FC0B800494796;
			productRefGroup = 85E0D4F7229FC0B900494796 /* Products */;
			projectDirPath = "";
			projectRoot = "";
			targets = (
				85E0D4F5229FC0B900494796 /* MVVM_RACDemo */,
				85E0D50D229FC0BA00494796 /* MVVM_RACDemoTests */,
				85E0D518229FC0BA00494796 /* MVVM_RACDemoUITests */,
			);
		};
/* End PBXProject section */

/* Begin PBXResourcesBuildPhase section */
		85E0D4F4229FC0B900494796 /* Resources */ = {
			isa = PBXResourcesBuildPhase;
			buildActionMask = 2147483647;
			files = (
				85E0D506229FC0BA00494796 /* LaunchScreen.storyboard in Resources */,
				85E0D503229FC0BA00494796 /* Assets.xcassets in Resources */,
				8564F85B22A51B4500E2E3CC /* city.json in Resources */,
				85E0D501229FC0B900494796 /* Main.storyboard in Resources */,
			);
			runOnlyForDeploymentPostprocessing = 0;
		};
		85E0D50C229FC0BA00494796 /* Resources */ = {
			isa = PBXResourcesBuildPhase;
			buildActionMask = 2147483647;
			files = (
			);
			runOnlyForDeploymentPostprocessing = 0;
		};
		85E0D517229FC0BA00494796 /* Resources */ = {
			isa = PBXResourcesBuildPhase;
			buildActionMask = 2147483647;
			files = (
			);
			runOnlyForDeploymentPostprocessing = 0;
		};
/* End PBXResourcesBuildPhase section */

/* Begin PBXShellScriptBuildPhase section */
		AECE6CE21E6753C91F2D0557 /* [CP] Check Pods Manifest.lock */ = {
			isa = PBXShellScriptBuildPhase;
			buildActionMask = 2147483647;
			files = (
			);
			inputFileListPaths = (
			);
			inputPaths = (
				"${PODS_PODFILE_DIR_PATH}/Podfile.lock",
				"${PODS_ROOT}/Manifest.lock",
			);
			name = "[CP] Check Pods Manifest.lock";
			outputFileListPaths = (
			);
			outputPaths = (
				"$(DERIVED_FILE_DIR)/Pods-MVVM_RACDemo-checkManifestLockResult.txt",
			);
			runOnlyForDeploymentPostprocessing = 0;
			shellPath = /bin/sh;
			shellScript = "diff \"${PODS_PODFILE_DIR_PATH}/Podfile.lock\" \"${PODS_ROOT}/Manifest.lock\" > /dev/null\nif [ $? != 0 ] ; then\n    # print error to STDERR\n    echo \"error: The sandbox is not in sync with the Podfile.lock. Run 'pod install' or update your CocoaPods installation.\" >&2\n    exit 1\nfi\n# This output is used by Xcode 'outputs' to avoid re-running this script phase.\necho \"SUCCESS\" > \"${SCRIPT_OUTPUT_FILE_0}\"\n";
			showEnvVarsInLog = 0;
		};
		D8CA2E4F30C8D527198B0054 /* [CP] Copy Pods Resources */ = {
			isa = PBXShellScriptBuildPhase;
			buildActionMask = 2147483647;
			files = (
			);
			inputFileListPaths = (
				"${PODS_ROOT}/Target Support Files/Pods-MVVM_RACDemo/Pods-MVVM_RACDemo-resources-${CONFIGURATION}-input-files.xcfilelist",
			);
			name = "[CP] Copy Pods Resources";
			outputFileListPaths = (
				"${PODS_ROOT}/Target Support Files/Pods-MVVM_RACDemo/Pods-MVVM_RACDemo-resources-${CONFIGURATION}-output-files.xcfilelist",
			);
			runOnlyForDeploymentPostprocessing = 0;
			shellPath = /bin/sh;
			shellScript = "\"${PODS_ROOT}/Target Support Files/Pods-MVVM_RACDemo/Pods-MVVM_RACDemo-resources.sh\"\n";
			showEnvVarsInLog = 0;
		};
/* End PBXShellScriptBuildPhase section */

/* Begin PBXSourcesBuildPhase section */
		85E0D4F2229FC0B900494796 /* Sources */ = {
			isa = PBXSourcesBuildPhase;
			buildActionMask = 2147483647;
			files = (
				8564F87C22A522E900E2E3CC /* QRCTableViewManager.m in Sources */,
				85E0D544229FCAA600494796 /* JRUseRACViewController.m in Sources */,
				8564F87922A522E900E2E3CC /* QRCRefreshAutoNormalFooter.m in Sources */,
				85BC281922A7B39000E461D8 /* JRUserModel.m in Sources */,
				8564F88022A522E900E2E3CC /* QRCTableBaseSectionModel.m in Sources */,
				8564F87E22A522E900E2E3CC /* QRCTableBaseCellModel.m in Sources */,
				8507022722A11FD8005BB181 /* JRNetViewController.m in Sources */,
				85E0D535229FC5AE00494796 /* UIView+Layout.m in Sources */,
				85BC281C22A7C07700E461D8 /* JRNetWork.m in Sources */,
				8564F88622A5258E00E2E3CC /* JRListModel.m in Sources */,
				8507022D22A12124005BB181 /* JREventSignalViewController.m in Sources */,
				F95AB54F22A028DA0051C572 /* JRUtility.m in Sources */,
				8507022122A119DD005BB181 /* JRKVOViewController.m in Sources */,
				8564F87D22A522E900E2E3CC /* QRCBaseTableViewCell.m in Sources */,
				85E0D53F229FC7C600494796 /* JRUIButton.m in Sources */,
				8564F86122A51D5E00E2E3CC /* JRListViewModel.m in Sources */,
				85E0D53C229FC71000494796 /* JRBaseViewController.m in Sources */,
				85E0D4FE229FC0B900494796 /* ViewController.m in Sources */,
				85BC282722A7CF2500E461D8 /* JRLoginView.m in Sources */,
				8564F87B22A522E900E2E3CC /* QRCRefreshNormalHeader.m in Sources */,
				8564F87A22A522E900E2E3CC /* QRCRefreshGifHeader.m in Sources */,
				85BC281622A7B2FF00E461D8 /* JRLoginViewModel.m in Sources */,
				85BC282822A7CF2500E461D8 /* JRListTableViewCell.m in Sources */,
				8564F87F22A522E900E2E3CC /* QRCTableBaseHeaderFooterView.m in Sources */,
				8507021E22A113AE005BB181 /* JRUIKitViewController.m in Sources */,
				85E0D556229FDE8600494796 /* JRAppRACViewController.m in Sources */,
				85E0D509229FC0BA00494796 /* main.m in Sources */,
				85E0D4FB229FC0B900494796 /* AppDelegate.m in Sources */,
				8507022A22A11FEE005BB181 /* JRFoundationViewController.m in Sources */,
				85BC281322A7A40500E461D8 /* UITextField+Extention.m in Sources */,
				8564F88C22A52BDB00E2E3CC /* JRListViewController.m in Sources */,
			);
			runOnlyForDeploymentPostprocessing = 0;
		};
		85E0D50A229FC0BA00494796 /* Sources */ = {
			isa = PBXSourcesBuildPhase;
			buildActionMask = 2147483647;
			files = (
				85E0D513229FC0BA00494796 /* MVVM_RACDemoTests.m in Sources */,
			);
			runOnlyForDeploymentPostprocessing = 0;
		};
		85E0D515229FC0BA00494796 /* Sources */ = {
			isa = PBXSourcesBuildPhase;
			buildActionMask = 2147483647;
			files = (
				85E0D51E229FC0BA00494796 /* MVVM_RACDemoUITests.m in Sources */,
			);
			runOnlyForDeploymentPostprocessing = 0;
		};
/* End PBXSourcesBuildPhase section */

/* Begin PBXTargetDependency section */
		85E0D510229FC0BA00494796 /* PBXTargetDependency */ = {
			isa = PBXTargetDependency;
			target = 85E0D4F5229FC0B900494796 /* MVVM_RACDemo */;
			targetProxy = 85E0D50F229FC0BA00494796 /* PBXContainerItemProxy */;
		};
		85E0D51B229FC0BA00494796 /* PBXTargetDependency */ = {
			isa = PBXTargetDependency;
			target = 85E0D4F5229FC0B900494796 /* MVVM_RACDemo */;
			targetProxy = 85E0D51A229FC0BA00494796 /* PBXContainerItemProxy */;
		};
/* End PBXTargetDependency section */

/* Begin PBXVariantGroup section */
		85E0D4FF229FC0B900494796 /* Main.storyboard */ = {
			isa = PBXVariantGroup;
			children = (
				85E0D500229FC0B900494796 /* Base */,
			);
			name = Main.storyboard;
			sourceTree = "<group>";
		};
		85E0D504229FC0BA00494796 /* LaunchScreen.storyboard */ = {
			isa = PBXVariantGroup;
			children = (
				85E0D505229FC0BA00494796 /* Base */,
			);
			name = LaunchScreen.storyboard;
			sourceTree = "<group>";
		};
/* End PBXVariantGroup section */

/* Begin XCBuildConfiguration section */
		85E0D520229FC0BA00494796 /* Debug */ = {
			isa = XCBuildConfiguration;
			buildSettings = {
				ALWAYS_SEARCH_USER_PATHS = NO;
				CLANG_ANALYZER_NONNULL = YES;
				CLANG_ANALYZER_NUMBER_OBJECT_CONVERSION = YES_AGGRESSIVE;
				CLANG_CXX_LANGUAGE_STANDARD = "gnu++14";
				CLANG_CXX_LIBRARY = "libc++";
				CLANG_ENABLE_MODULES = YES;
				CLANG_ENABLE_OBJC_ARC = YES;
				CLANG_ENABLE_OBJC_WEAK = YES;
				CLANG_WARN_BLOCK_CAPTURE_AUTORELEASING = YES;
				CLANG_WARN_BOOL_CONVERSION = YES;
				CLANG_WARN_COMMA = YES;
				CLANG_WARN_CONSTANT_CONVERSION = YES;
				CLANG_WARN_DEPRECATED_OBJC_IMPLEMENTATIONS = YES;
				CLANG_WARN_DIRECT_OBJC_ISA_USAGE = YES_ERROR;
				CLANG_WARN_DOCUMENTATION_COMMENTS = YES;
				CLANG_WARN_EMPTY_BODY = YES;
				CLANG_WARN_ENUM_CONVERSION = YES;
				CLANG_WARN_INFINITE_RECURSION = YES;
				CLANG_WARN_INT_CONVERSION = YES;
				CLANG_WARN_NON_LITERAL_NULL_CONVERSION = YES;
				CLANG_WARN_OBJC_IMPLICIT_RETAIN_SELF = YES;
				CLANG_WARN_OBJC_LITERAL_CONVERSION = YES;
				CLANG_WARN_OBJC_ROOT_CLASS = YES_ERROR;
				CLANG_WARN_RANGE_LOOP_ANALYSIS = YES;
				CLANG_WARN_STRICT_PROTOTYPES = YES;
				CLANG_WARN_SUSPICIOUS_MOVE = YES;
				CLANG_WARN_UNGUARDED_AVAILABILITY = YES_AGGRESSIVE;
				CLANG_WARN_UNREACHABLE_CODE = YES;
				CLANG_WARN__DUPLICATE_METHOD_MATCH = YES;
				CODE_SIGN_IDENTITY = "iPhone Developer";
				COPY_PHASE_STRIP = NO;
				DEBUG_INFORMATION_FORMAT = dwarf;
				ENABLE_STRICT_OBJC_MSGSEND = YES;
				ENABLE_TESTABILITY = YES;
				GCC_C_LANGUAGE_STANDARD = gnu11;
				GCC_DYNAMIC_NO_PIC = NO;
				GCC_NO_COMMON_BLOCKS = YES;
				GCC_OPTIMIZATION_LEVEL = 0;
				GCC_PREPROCESSOR_DEFINITIONS = (
					"DEBUG=1",
					"$(inherited)",
				);
				GCC_WARN_64_TO_32_BIT_CONVERSION = YES;
				GCC_WARN_ABOUT_RETURN_TYPE = YES_ERROR;
				GCC_WARN_UNDECLARED_SELECTOR = YES;
				GCC_WARN_UNINITIALIZED_AUTOS = YES_AGGRESSIVE;
				GCC_WARN_UNUSED_FUNCTION = YES;
				GCC_WARN_UNUSED_VARIABLE = YES;
				IPHONEOS_DEPLOYMENT_TARGET = 12.2;
				MTL_ENABLE_DEBUG_INFO = INCLUDE_SOURCE;
				MTL_FAST_MATH = YES;
				ONLY_ACTIVE_ARCH = YES;
				SDKROOT = iphoneos;
			};
			name = Debug;
		};
		85E0D521229FC0BA00494796 /* Release */ = {
			isa = XCBuildConfiguration;
			buildSettings = {
				ALWAYS_SEARCH_USER_PATHS = NO;
				CLANG_ANALYZER_NONNULL = YES;
				CLANG_ANALYZER_NUMBER_OBJECT_CONVERSION = YES_AGGRESSIVE;
				CLANG_CXX_LANGUAGE_STANDARD = "gnu++14";
				CLANG_CXX_LIBRARY = "libc++";
				CLANG_ENABLE_MODULES = YES;
				CLANG_ENABLE_OBJC_ARC = YES;
				CLANG_ENABLE_OBJC_WEAK = YES;
				CLANG_WARN_BLOCK_CAPTURE_AUTORELEASING = YES;
				CLANG_WARN_BOOL_CONVERSION = YES;
				CLANG_WARN_COMMA = YES;
				CLANG_WARN_CONSTANT_CONVERSION = YES;
				CLANG_WARN_DEPRECATED_OBJC_IMPLEMENTATIONS = YES;
				CLANG_WARN_DIRECT_OBJC_ISA_USAGE = YES_ERROR;
				CLANG_WARN_DOCUMENTATION_COMMENTS = YES;
				CLANG_WARN_EMPTY_BODY = YES;
				CLANG_WARN_ENUM_CONVERSION = YES;
				CLANG_WARN_INFINITE_RECURSION = YES;
				CLANG_WARN_INT_CONVERSION = YES;
				CLANG_WARN_NON_LITERAL_NULL_CONVERSION = YES;
				CLANG_WARN_OBJC_IMPLICIT_RETAIN_SELF = YES;
				CLANG_WARN_OBJC_LITERAL_CONVERSION = YES;
				CLANG_WARN_OBJC_ROOT_CLASS = YES_ERROR;
				CLANG_WARN_RANGE_LOOP_ANALYSIS = YES;
				CLANG_WARN_STRICT_PROTOTYPES = YES;
				CLANG_WARN_SUSPICIOUS_MOVE = YES;
				CLANG_WARN_UNGUARDED_AVAILABILITY = YES_AGGRESSIVE;
				CLANG_WARN_UNREACHABLE_CODE = YES;
				CLANG_WARN__DUPLICATE_METHOD_MATCH = YES;
				CODE_SIGN_IDENTITY = "iPhone Developer";
				COPY_PHASE_STRIP = NO;
				DEBUG_INFORMATION_FORMAT = "dwarf-with-dsym";
				ENABLE_NS_ASSERTIONS = NO;
				ENABLE_STRICT_OBJC_MSGSEND = YES;
				GCC_C_LANGUAGE_STANDARD = gnu11;
				GCC_NO_COMMON_BLOCKS = YES;
				GCC_WARN_64_TO_32_BIT_CONVERSION = YES;
				GCC_WARN_ABOUT_RETURN_TYPE = YES_ERROR;
				GCC_WARN_UNDECLARED_SELECTOR = YES;
				GCC_WARN_UNINITIALIZED_AUTOS = YES_AGGRESSIVE;
				GCC_WARN_UNUSED_FUNCTION = YES;
				GCC_WARN_UNUSED_VARIABLE = YES;
				IPHONEOS_DEPLOYMENT_TARGET = 12.2;
				MTL_ENABLE_DEBUG_INFO = NO;
				MTL_FAST_MATH = YES;
				SDKROOT = iphoneos;
				VALIDATE_PRODUCT = YES;
			};
			name = Release;
		};
		85E0D523229FC0BA00494796 /* Debug */ = {
			isa = XCBuildConfiguration;
			baseConfigurationReference = FFC6A12C9C764A5772A8CD25 /* Pods-MVVM_RACDemo.debug.xcconfig */;
			buildSettings = {
				ASSETCATALOG_COMPILER_APPICON_NAME = AppIcon;
				CODE_SIGN_STYLE = Automatic;
				GCC_PRECOMPILE_PREFIX_HEADER = YES;
				GCC_PREFIX_HEADER = "$(SRCROOT)/MVVM_RACDemo/PrefixHeader.pch";
				INFOPLIST_FILE = MVVM_RACDemo/Info.plist;
				LD_RUNPATH_SEARCH_PATHS = (
					"$(inherited)",
					"@executable_path/Frameworks",
				);
				PRODUCT_BUNDLE_IDENTIFIER = "com.yangln.MVVM-RACDemo";
				PRODUCT_NAME = "$(TARGET_NAME)";
				TARGETED_DEVICE_FAMILY = "1,2";
			};
			name = Debug;
		};
		85E0D524229FC0BA00494796 /* Release */ = {
			isa = XCBuildConfiguration;
			baseConfigurationReference = 69FC18928FA046653100F657 /* Pods-MVVM_RACDemo.release.xcconfig */;
			buildSettings = {
				ASSETCATALOG_COMPILER_APPICON_NAME = AppIcon;
				CODE_SIGN_STYLE = Automatic;
				GCC_PRECOMPILE_PREFIX_HEADER = YES;
				GCC_PREFIX_HEADER = "$(SRCROOT)/MVVM_RACDemo/PrefixHeader.pch";
				INFOPLIST_FILE = MVVM_RACDemo/Info.plist;
				LD_RUNPATH_SEARCH_PATHS = (
					"$(inherited)",
					"@executable_path/Frameworks",
				);
				PRODUCT_BUNDLE_IDENTIFIER = "com.yangln.MVVM-RACDemo";
				PRODUCT_NAME = "$(TARGET_NAME)";
				TARGETED_DEVICE_FAMILY = "1,2";
			};
			name = Release;
		};
		85E0D526229FC0BA00494796 /* Debug */ = {
			isa = XCBuildConfiguration;
			buildSettings = {
				BUNDLE_LOADER = "$(TEST_HOST)";
				CODE_SIGN_STYLE = Automatic;
				INFOPLIST_FILE = MVVM_RACDemoTests/Info.plist;
				LD_RUNPATH_SEARCH_PATHS = (
					"$(inherited)",
					"@executable_path/Frameworks",
					"@loader_path/Frameworks",
				);
				PRODUCT_BUNDLE_IDENTIFIER = "com.yangln.MVVM-RACDemoTests";
				PRODUCT_NAME = "$(TARGET_NAME)";
				TARGETED_DEVICE_FAMILY = "1,2";
				TEST_HOST = "$(BUILT_PRODUCTS_DIR)/MVVM_RACDemo.app/MVVM_RACDemo";
			};
			name = Debug;
		};
		85E0D527229FC0BA00494796 /* Release */ = {
			isa = XCBuildConfiguration;
			buildSettings = {
				BUNDLE_LOADER = "$(TEST_HOST)";
				CODE_SIGN_STYLE = Automatic;
				INFOPLIST_FILE = MVVM_RACDemoTests/Info.plist;
				LD_RUNPATH_SEARCH_PATHS = (
					"$(inherited)",
					"@executable_path/Frameworks",
					"@loader_path/Frameworks",
				);
				PRODUCT_BUNDLE_IDENTIFIER = "com.yangln.MVVM-RACDemoTests";
				PRODUCT_NAME = "$(TARGET_NAME)";
				TARGETED_DEVICE_FAMILY = "1,2";
				TEST_HOST = "$(BUILT_PRODUCTS_DIR)/MVVM_RACDemo.app/MVVM_RACDemo";
			};
			name = Release;
		};
		85E0D529229FC0BA00494796 /* Debug */ = {
			isa = XCBuildConfiguration;
			buildSettings = {
				CODE_SIGN_STYLE = Automatic;
				INFOPLIST_FILE = MVVM_RACDemoUITests/Info.plist;
				LD_RUNPATH_SEARCH_PATHS = (
					"$(inherited)",
					"@executable_path/Frameworks",
					"@loader_path/Frameworks",
				);
				PRODUCT_BUNDLE_IDENTIFIER = "com.yangln.MVVM-RACDemoUITests";
				PRODUCT_NAME = "$(TARGET_NAME)";
				TARGETED_DEVICE_FAMILY = "1,2";
				TEST_TARGET_NAME = MVVM_RACDemo;
			};
			name = Debug;
		};
		85E0D52A229FC0BA00494796 /* Release */ = {
			isa = XCBuildConfiguration;
			buildSettings = {
				CODE_SIGN_STYLE = Automatic;
				INFOPLIST_FILE = MVVM_RACDemoUITests/Info.plist;
				LD_RUNPATH_SEARCH_PATHS = (
					"$(inherited)",
					"@executable_path/Frameworks",
					"@loader_path/Frameworks",
				);
				PRODUCT_BUNDLE_IDENTIFIER = "com.yangln.MVVM-RACDemoUITests";
				PRODUCT_NAME = "$(TARGET_NAME)";
				TARGETED_DEVICE_FAMILY = "1,2";
				TEST_TARGET_NAME = MVVM_RACDemo;
			};
			name = Release;
		};
/* End XCBuildConfiguration section */

/* Begin XCConfigurationList section */
		85E0D4F1229FC0B800494796 /* Build configuration list for PBXProject "MVVM_RACDemo" */ = {
			isa = XCConfigurationList;
			buildConfigurations = (
				85E0D520229FC0BA00494796 /* Debug */,
				85E0D521229FC0BA00494796 /* Release */,
			);
			defaultConfigurationIsVisible = 0;
			defaultConfigurationName = Release;
		};
		85E0D522229FC0BA00494796 /* Build configuration list for PBXNativeTarget "MVVM_RACDemo" */ = {
			isa = XCConfigurationList;
			buildConfigurations = (
				85E0D523229FC0BA00494796 /* Debug */,
				85E0D524229FC0BA00494796 /* Release */,
			);
			defaultConfigurationIsVisible = 0;
			defaultConfigurationName = Release;
		};
		85E0D525229FC0BA00494796 /* Build configuration list for PBXNativeTarget "MVVM_RACDemoTests" */ = {
			isa = XCConfigurationList;
			buildConfigurations = (
				85E0D526229FC0BA00494796 /* Debug */,
				85E0D527229FC0BA00494796 /* Release */,
			);
			defaultConfigurationIsVisible = 0;
			defaultConfigurationName = Release;
		};
		85E0D528229FC0BA00494796 /* Build configuration list for PBXNativeTarget "MVVM_RACDemoUITests" */ = {
			isa = XCConfigurationList;
			buildConfigurations = (
				85E0D529229FC0BA00494796 /* Debug */,
				85E0D52A229FC0BA00494796 /* Release */,
			);
			defaultConfigurationIsVisible = 0;
			defaultConfigurationName = Release;
		};
/* End XCConfigurationList section */
	};
	rootObject = 85E0D4EE229FC0B800494796 /* Project object */;
}
